
Microsoft Visual Studio Solution File, Format Version 12.00
# Visual Studio 15
VisualStudioVersion = 15.0.27004.2009
MinimumVisualStudioVersion = 10.0.40219.1
Project("{8BC9CEB8-8B4A-11D0-8D11-00A0C91BC942}") = "rlt", "rlt\rlt.vcxproj", "{D123EB19-73CC-440F-AECB-3B185CCDA3BF}"
EndProject
Global
	GlobalSection(SolutionConfigurationPlatforms) = preSolution
		Debug|x64 = Debug|x64
		Debug|x86 = Debug|x86
		Release|x64 = Release|x64
		Release|x86 = Release|x86
	EndGlobalSection
	GlobalSection(ProjectConfigurationPlatforms) = postSolution
		{D123EB19-73CC-440F-AECB-3B185CCDA3BF}.Debug|x64.ActiveCfg = Debug|x64
		{D123EB19-73CC-440F-AECB-3B185CCDA3BF}.Debug|x64.Build.0 = Debug|x64
		{D123EB19-73CC-440F-AECB-3B185CCDA3BF}.Debug|x86.ActiveCfg = Debug|Win32
		{D123EB19-73CC-440F-AECB-3B185CCDA3BF}.Debug|x86.Build.0 = Debug|Win32
		{D123EB19-73CC-440F-AECB-3B185CCDA3BF}.Release|x64.ActiveCfg = Release|x64
		{D123EB19-73CC-440F-AECB-3B185CCDA3BF}.Release|x64.Build.0 = Release|x64
		{D123EB19-73CC-440F-AECB-3B185CCDA3BF}.Release|x86.ActiveCfg = Release|Win32
		{D123EB19-73CC-440F-AECB-3B185CCDA3BF}.Release|x86.Build.0 = Release|Win32
	EndGlobalSection
	GlobalSection(SolutionProperties) = preSolution
		HideSolutionNode = FALSE
	EndGlobalSection
	GlobalSection(ExtensibilityGlobals) = postSolution
		SolutionGuid = {0D17EB5C-EE43-4F24-BBAB-3C2B0A6EDA08}
	EndGlobalSection
EndGlobal
